# This file was autogenerated by Stack.
# You should not edit this file by hand.
# For more information, please see the documentation at:
#   https://docs.haskellstack.org/en/stable/lock_files

packages:
- completed:
    hackage: formatting-7.1.1@sha256:b7fb414905967e9a7c4230d7a36aa85844cc50da54ae4618b6e0f123901cfa79,3185
    pantry-tree:
      size: 1256
      sha256: 608ce19f1eb26de54f59ffb565bf1fa8b9e8a0889919855b887b88542f311edc
  original:
    hackage: formatting-7.1.1@sha256:b7fb414905967e9a7c4230d7a36aa85844cc50da54ae4618b6e0f123901cfa79,3185
snapshots:
- completed:
    size: 532832
    url: https://raw.githubusercontent.com/commercialhaskell/stackage-snapshots/master/lts/16/23.yaml
    sha256: fbb2a0519008533924c7753bd7164ddd1009f09504eb06674acad6049b46db09
  original:
    url: https://raw.githubusercontent.com/commercialhaskell/stackage-snapshots/master/lts/16/23.yaml
